# This file is automatically @generated by Cargo.
# It is not intended for manual editing.
version = 3

[[package]]
name = "b64converter"
version = "0.1.0"
dependencies = [
 "base64",
 "fltk",
]

[[package]]
name = "base64"
version = "0.13.0"
source = "registry+https://github.com/rust-lang/crates.io-index"
checksum = "904dfeac50f3cdaba28fc6f57fdcddb75f49ed61346676a78c4ffe55877802fd"

[[package]]
name = "bitflags"
version = "1.3.2"
source = "registry+https://github.com/rust-lang/crates.io-index"
checksum = "bef38d45163c2f1dde094a7dfd33ccf595c92905c8f8f4fdc18d06fb1037718a"

[[package]]
name = "cc"
version = "1.0.67"
source = "registry+https://github.com/rust-lang/crates.io-index"
checksum = "e3c69b077ad434294d3ce9f1f6143a2a4b89a8a2d54ef813d85003a4fd1137fd"

[[package]]
name = "cmake"
version = "0.1.45"
source = "registry+https://github.com/rust-lang/crates.io-index"
checksum = "eb6210b637171dfba4cda12e579ac6dc73f5165ad56133e5d72ef3131f320855"
dependencies = [
 "cc",
]

[[package]]
name = "fltk"
version = "1.2.8"
source = "registry+https://github.com/rust-lang/crates.io-index"
checksum = "889d9b2176b88c6f8f90ba64b0b030e52807ed1d6e416df0c15611225b40cc1d"
dependencies = [
 "bitflags",
 "fltk-sys",
 "paste",
]

[[package]]
name = "fltk-sys"
version = "1.2.8"
source = "registry+https://github.com/rust-lang/crates.io-index"
checksum = "e38b2f3fb23b4bd46fc492d5d8d099b0bf766a7ab5d18b8424d93089ae934a48"
dependencies = [
 "cmake",
]

[[package]]
name = "paste"
version = "1.0.5"
source = "registry+https://github.com/rust-lang/crates.io-index"
checksum = "acbf547ad0c65e31259204bd90935776d1c693cec2f4ff7abb7a1bbbd40dfe58"
